
Microsoft Visual Studio Solution File, Format Version 10.00
# Visual Studio 2008
Project("{FAE04EC0-301F-11D3-BF4B-00C04F79EFBC}") = "FluentXml", "src\FluentXml.csproj", "{5D8673F4-0239-4D86-9093-B46A2075E722}"
EndProject
Project("{FAE04EC0-301F-11D3-BF4B-00C04F79EFBC}") = "FluentXml.Specs", "spec\FluentXml.Specs.csproj", "{73123BFC-2A8A-4160-80FC-597A2B460C66}"
EndProject
Global
	GlobalSection(SolutionConfigurationPlatforms) = preSolution
		Debug|Any CPU = Debug|Any CPU
		Release|Any CPU = Release|Any CPU
	EndGlobalSection
	GlobalSection(ProjectConfigurationPlatforms) = postSolution
		{5D8673F4-0239-4D86-9093-B46A2075E722}.Debug|Any CPU.ActiveCfg = Debug|Any CPU
		{5D8673F4-0239-4D86-9093-B46A2075E722}.Debug|Any CPU.Build.0 = Debug|Any CPU
		{5D8673F4-0239-4D86-9093-B46A2075E722}.Release|Any CPU.ActiveCfg = Release|Any CPU
		{5D8673F4-0239-4D86-9093-B46A2075E722}.Release|Any CPU.Build.0 = Release|Any CPU
		{73123BFC-2A8A-4160-80FC-597A2B460C66}.Debug|Any CPU.ActiveCfg = Debug|Any CPU
		{73123BFC-2A8A-4160-80FC-597A2B460C66}.Debug|Any CPU.Build.0 = Debug|Any CPU
		{73123BFC-2A8A-4160-80FC-597A2B460C66}.Release|Any CPU.ActiveCfg = Release|Any CPU
		{73123BFC-2A8A-4160-80FC-597A2B460C66}.Release|Any CPU.Build.0 = Release|Any CPU
	EndGlobalSection
	GlobalSection(MonoDevelopProperties) = preSolution
		StartupItem = src\FluentXml.csproj
	EndGlobalSection
EndGlobal
